{
  "name": "y-log-bar",
  "version": "1.0.1",
  "lockfileVersion": 1,
  "requires": true,
  "dependencies": {
    "node-styl-rgb": {
      "version": "0.0.2",
      "resolved": "https://registry.npmjs.org/node-styl-rgb/-/node-styl-rgb-0.0.2.tgz",
      "integrity": "sha512-xks5TLGP4j+aar8BRN5mc41lGfu0jXa70g4+U2QBGrBxAN4Ef/KW3IDetcVI7pjHuB9RcOM2NKDXqUiqJw1vWw=="
    }
  }
}
